// !$*UTF8*$!
{
	archiveVersion = 1;
	classes = {
	};
	objectVersion = 51;
	objects = {

/* Begin PBXBuildFile section */
		533BC7830BE96A1DC00E1D8E /* Pods_PortariaTests.framework in Frameworks */ = {isa = PBXBuildFile; fileRef = C5430BB18C17C14FE60A7A5E /* Pods_PortariaTests.framework */; };
		613A40CA243CB96F00397E1D /* VisitorTest.swift in Sources */ = {isa = PBXBuildFile; fileRef = 613A40C9243CB96F00397E1D /* VisitorTest.swift */; };
		613A40CF243CFF4D00397E1D /* VisitorViewModel.swift in Sources */ = {isa = PBXBuildFile; fileRef = 613A40CE243CFF4D00397E1D /* VisitorViewModel.swift */; };
		613A40D2243D723D00397E1D /* ListVisitorViewController.swift in Sources */ = {isa = PBXBuildFile; fileRef = 613A40D1243D723D00397E1D /* ListVisitorViewController.swift */; };
		614A440C2436C5050010AECD /* Visitor.swift in Sources */ = {isa = PBXBuildFile; fileRef = 614A440B2436C5050010AECD /* Visitor.swift */; };
		614A440F2436E6610010AECD /* VisitorBusiness.swift in Sources */ = {isa = PBXBuildFile; fileRef = 614A440E2436E6610010AECD /* VisitorBusiness.swift */; };
		614A44112436E6740010AECD /* VisitorBusinessProtocol.swift in Sources */ = {isa = PBXBuildFile; fileRef = 614A44102436E6740010AECD /* VisitorBusinessProtocol.swift */; };
		617AAF6B2433FD5B00E37E48 /* AppDelegate.swift in Sources */ = {isa = PBXBuildFile; fileRef = 617AAF6A2433FD5B00E37E48 /* AppDelegate.swift */; };
		617AAF6D2433FD5B00E37E48 /* SceneDelegate.swift in Sources */ = {isa = PBXBuildFile; fileRef = 617AAF6C2433FD5B00E37E48 /* SceneDelegate.swift */; };
		617AAF722433FD5B00E37E48 /* Main.storyboard in Resources */ = {isa = PBXBuildFile; fileRef = 617AAF702433FD5B00E37E48 /* Main.storyboard */; };
		617AAF742433FD5E00E37E48 /* Assets.xcassets in Resources */ = {isa = PBXBuildFile; fileRef = 617AAF732433FD5E00E37E48 /* Assets.xcassets */; };
		617AAF772433FD5E00E37E48 /* LaunchScreen.storyboard in Resources */ = {isa = PBXBuildFile; fileRef = 617AAF752433FD5E00E37E48 /* LaunchScreen.storyboard */; };
		617AAF822433FD5E00E37E48 /* PortariaTests.swift in Sources */ = {isa = PBXBuildFile; fileRef = 617AAF812433FD5E00E37E48 /* PortariaTests.swift */; };
		A348A0FD0C5316135393EC75 /* Pods_Portaria.framework in Frameworks */ = {isa = PBXBuildFile; fileRef = 614857895EA4BF12540919A9 /* Pods_Portaria.framework */; };
/* End PBXBuildFile section */

/* Begin PBXContainerItemProxy section */
		617AAF7E2433FD5E00E37E48 /* PBXContainerItemProxy */ = {
			isa = PBXContainerItemProxy;
			containerPortal = 617AAF5F2433FD5B00E37E48 /* Project object */;
			proxyType = 1;
			remoteGlobalIDString = 617AAF662433FD5B00E37E48;
			remoteInfo = Portaria;
		};
/* End PBXContainerItemProxy section */

/* Begin PBXFileReference section */
		1E0175E9083B7E18DBCCFC69 /* Pods-Portaria.release.xcconfig */ = {isa = PBXFileReference; includeInIndex = 1; lastKnownFileType = text.xcconfig; name = "Pods-Portaria.release.xcconfig"; path = "Target Support Files/Pods-Portaria/Pods-Portaria.release.xcconfig"; sourceTree = "<group>"; };
		3A814F512C9C0C15237EA948 /* Pods-Portaria.debug.xcconfig */ = {isa = PBXFileReference; includeInIndex = 1; lastKnownFileType = text.xcconfig; name = "Pods-Portaria.debug.xcconfig"; path = "Target Support Files/Pods-Portaria/Pods-Portaria.debug.xcconfig"; sourceTree = "<group>"; };
		43ACB0F9BFAA1F0A1973DF98 /* Pods-PortariaTests.release.xcconfig */ = {isa = PBXFileReference; includeInIndex = 1; lastKnownFileType = text.xcconfig; name = "Pods-PortariaTests.release.xcconfig"; path = "Target Support Files/Pods-PortariaTests/Pods-PortariaTests.release.xcconfig"; sourceTree = "<group>"; };
		5C4F232C6A4EDAFFA3068A4B /* Pods-PortariaTests.debug.xcconfig */ = {isa = PBXFileReference; includeInIndex = 1; lastKnownFileType = text.xcconfig; name = "Pods-PortariaTests.debug.xcconfig"; path = "Target Support Files/Pods-PortariaTests/Pods-PortariaTests.debug.xcconfig"; sourceTree = "<group>"; };
		613A40C9243CB96F00397E1D /* VisitorTest.swift */ = {isa = PBXFileReference; lastKnownFileType = sourcecode.swift; path = VisitorTest.swift; sourceTree = "<group>"; };
		613A40CE243CFF4D00397E1D /* VisitorViewModel.swift */ = {isa = PBXFileReference; lastKnownFileType = sourcecode.swift; path = VisitorViewModel.swift; sourceTree = "<group>"; };
		613A40D1243D723D00397E1D /* ListVisitorViewController.swift */ = {isa = PBXFileReference; lastKnownFileType = sourcecode.swift; path = ListVisitorViewController.swift; sourceTree = "<group>"; };
		614857895EA4BF12540919A9 /* Pods_Portaria.framework */ = {isa = PBXFileReference; explicitFileType = wrapper.framework; includeInIndex = 0; path = Pods_Portaria.framework; sourceTree = BUILT_PRODUCTS_DIR; };
		614A440B2436C5050010AECD /* Visitor.swift */ = {isa = PBXFileReference; lastKnownFileType = sourcecode.swift; path = Visitor.swift; sourceTree = "<group>"; };
		614A440E2436E6610010AECD /* VisitorBusiness.swift */ = {isa = PBXFileReference; lastKnownFileType = sourcecode.swift; path = VisitorBusiness.swift; sourceTree = "<group>"; };
		614A44102436E6740010AECD /* VisitorBusinessProtocol.swift */ = {isa = PBXFileReference; lastKnownFileType = sourcecode.swift; path = VisitorBusinessProtocol.swift; sourceTree = "<group>"; };
		617AAF672433FD5B00E37E48 /* Portaria.app */ = {isa = PBXFileReference; explicitFileType = wrapper.application; includeInIndex = 0; path = Portaria.app; sourceTree = BUILT_PRODUCTS_DIR; };
		617AAF6A2433FD5B00E37E48 /* AppDelegate.swift */ = {isa = PBXFileReference; lastKnownFileType = sourcecode.swift; path = AppDelegate.swift; sourceTree = "<group>"; };
		617AAF6C2433FD5B00E37E48 /* SceneDelegate.swift */ = {isa = PBXFileReference; lastKnownFileType = sourcecode.swift; path = SceneDelegate.swift; sourceTree = "<group>"; };
		617AAF712433FD5B00E37E48 /* Base */ = {isa = PBXFileReference; lastKnownFileType = file.storyboard; name = Base; path = Base.lproj/Main.storyboard; sourceTree = "<group>"; };
		617AAF732433FD5E00E37E48 /* Assets.xcassets */ = {isa = PBXFileReference; lastKnownFileType = folder.assetcatalog; path = Assets.xcassets; sourceTree = "<group>"; };
		617AAF762433FD5E00E37E48 /* Base */ = {isa = PBXFileReference; lastKnownFileType = file.storyboard; name = Base; path = Base.lproj/LaunchScreen.storyboard; sourceTree = "<group>"; };
		617AAF782433FD5E00E37E48 /* Info.plist */ = {isa = PBXFileReference; lastKnownFileType = text.plist.xml; path = Info.plist; sourceTree = "<group>"; };
		617AAF7D2433FD5E00E37E48 /* PortariaTests.xctest */ = {isa = PBXFileReference; explicitFileType = wrapper.cfbundle; includeInIndex = 0; path = PortariaTests.xctest; sourceTree = BUILT_PRODUCTS_DIR; };
		617AAF812433FD5E00E37E48 /* PortariaTests.swift */ = {isa = PBXFileReference; lastKnownFileType = sourcecode.swift; path = PortariaTests.swift; sourceTree = "<group>"; };
		617AAF832433FD5E00E37E48 /* Info.plist */ = {isa = PBXFileReference; lastKnownFileType = text.plist.xml; path = Info.plist; sourceTree = "<group>"; };
		C5430BB18C17C14FE60A7A5E /* Pods_PortariaTests.framework */ = {isa = PBXFileReference; explicitFileType = wrapper.framework; includeInIndex = 0; path = Pods_PortariaTests.framework; sourceTree = BUILT_PRODUCTS_DIR; };
/* End PBXFileReference section */

/* Begin PBXFrameworksBuildPhase section */
		617AAF642433FD5B00E37E48 /* Frameworks */ = {
			isa = PBXFrameworksBuildPhase;
			buildActionMask = 2147483647;
			files = (
				A348A0FD0C5316135393EC75 /* Pods_Portaria.framework in Frameworks */,
			);
			runOnlyForDeploymentPostprocessing = 0;
		};
		617AAF7A2433FD5E00E37E48 /* Frameworks */ = {
			isa = PBXFrameworksBuildPhase;
			buildActionMask = 2147483647;
			files = (
				533BC7830BE96A1DC00E1D8E /* Pods_PortariaTests.framework in Frameworks */,
			);
			runOnlyForDeploymentPostprocessing = 0;
		};
/* End PBXFrameworksBuildPhase section */

/* Begin PBXGroup section */
		0F25A585B628F0D69DB1F318 /* Pods */ = {
			isa = PBXGroup;
			children = (
				3A814F512C9C0C15237EA948 /* Pods-Portaria.debug.xcconfig */,
				1E0175E9083B7E18DBCCFC69 /* Pods-Portaria.release.xcconfig */,
				5C4F232C6A4EDAFFA3068A4B /* Pods-PortariaTests.debug.xcconfig */,
				43ACB0F9BFAA1F0A1973DF98 /* Pods-PortariaTests.release.xcconfig */,
			);
			path = Pods;
			sourceTree = "<group>";
		};
		107E33FF9AF75C65E7293423 /* Frameworks */ = {
			isa = PBXGroup;
			children = (
				614857895EA4BF12540919A9 /* Pods_Portaria.framework */,
				C5430BB18C17C14FE60A7A5E /* Pods_PortariaTests.framework */,
			);
			name = Frameworks;
			sourceTree = "<group>";
		};
		613A40C5243CB48800397E1D /* Business */ = {
			isa = PBXGroup;
			children = (
				613A40C9243CB96F00397E1D /* VisitorTest.swift */,
			);
			path = Business;
			sourceTree = "<group>";
		};
		613A40CD243CFE2200397E1D /* PortariaViewModel */ = {
			isa = PBXGroup;
			children = (
				613A40CE243CFF4D00397E1D /* VisitorViewModel.swift */,
			);
			path = PortariaViewModel;
			sourceTree = "<group>";
		};
		613A40D0243D6FBA00397E1D /* PortariaView */ = {
			isa = PBXGroup;
			children = (
				613A40D1243D723D00397E1D /* ListVisitorViewController.swift */,
			);
			path = PortariaView;
			sourceTree = "<group>";
		};
		614A440A2436C4C70010AECD /* Model */ = {
			isa = PBXGroup;
			children = (
				614A440B2436C5050010AECD /* Visitor.swift */,
			);
			path = Model;
			sourceTree = "<group>";
		};
		614A440D2436E63B0010AECD /* Business */ = {
			isa = PBXGroup;
			children = (
				614A440E2436E6610010AECD /* VisitorBusiness.swift */,
				614A44102436E6740010AECD /* VisitorBusinessProtocol.swift */,
			);
			path = Business;
			sourceTree = "<group>";
		};
		617AAF5E2433FD5B00E37E48 = {
			isa = PBXGroup;
			children = (
				617AAF692433FD5B00E37E48 /* Portaria */,
				617AAF802433FD5E00E37E48 /* PortariaTests */,
				617AAF682433FD5B00E37E48 /* Products */,
				0F25A585B628F0D69DB1F318 /* Pods */,
				107E33FF9AF75C65E7293423 /* Frameworks */,
			);
			sourceTree = "<group>";
		};
		617AAF682433FD5B00E37E48 /* Products */ = {
			isa = PBXGroup;
			children = (
				617AAF672433FD5B00E37E48 /* Portaria.app */,
				617AAF7D2433FD5E00E37E48 /* PortariaTests.xctest */,
			);
			name = Products;
			sourceTree = "<group>";
		};
		617AAF692433FD5B00E37E48 /* Portaria */ = {
			isa = PBXGroup;
			children = (
				613A40D0243D6FBA00397E1D /* PortariaView */,
				613A40CD243CFE2200397E1D /* PortariaViewModel */,
				614A440D2436E63B0010AECD /* Business */,
				614A440A2436C4C70010AECD /* Model */,
				617AAF6A2433FD5B00E37E48 /* AppDelegate.swift */,
				617AAF6C2433FD5B00E37E48 /* SceneDelegate.swift */,
				617AAF702433FD5B00E37E48 /* Main.storyboard */,
				617AAF732433FD5E00E37E48 /* Assets.xcassets */,
				617AAF752433FD5E00E37E48 /* LaunchScreen.storyboard */,
				617AAF782433FD5E00E37E48 /* Info.plist */,
			);
			path = Portaria;
			sourceTree = "<group>";
		};
		617AAF802433FD5E00E37E48 /* PortariaTests */ = {
			isa = PBXGroup;
			children = (
				613A40C5243CB48800397E1D /* Business */,
				617AAF812433FD5E00E37E48 /* PortariaTests.swift */,
				617AAF832433FD5E00E37E48 /* Info.plist */,
			);
			path = PortariaTests;
			sourceTree = "<group>";
		};
/* End PBXGroup section */

/* Begin PBXNativeTarget section */
		617AAF662433FD5B00E37E48 /* Portaria */ = {
			isa = PBXNativeTarget;
			buildConfigurationList = 617AAF862433FD5E00E37E48 /* Build configuration list for PBXNativeTarget "Portaria" */;
			buildPhases = (
				DF8BDC775944040578FDAFB7 /* [CP] Check Pods Manifest.lock */,
				617AAF632433FD5B00E37E48 /* Sources */,
				617AAF642433FD5B00E37E48 /* Frameworks */,
				617AAF652433FD5B00E37E48 /* Resources */,
				82789DE8C051A5CF9286D1DE /* [CP] Embed Pods Frameworks */,
			);
			buildRules = (
			);
			dependencies = (
			);
			name = Portaria;
			productName = Portaria;
			productReference = 617AAF672433FD5B00E37E48 /* Portaria.app */;
			productType = "com.apple.product-type.application";
		};
		617AAF7C2433FD5E00E37E48 /* PortariaTests */ = {
			isa = PBXNativeTarget;
			buildConfigurationList = 617AAF892433FD5E00E37E48 /* Build configuration list for PBXNativeTarget "PortariaTests" */;
			buildPhases = (
				AC7EA8AEEEC8B2F0EF40E4ED /* [CP] Check Pods Manifest.lock */,
				617AAF792433FD5E00E37E48 /* Sources */,
				617AAF7A2433FD5E00E37E48 /* Frameworks */,
				617AAF7B2433FD5E00E37E48 /* Resources */,
			);
			buildRules = (
			);
			dependencies = (
				617AAF7F2433FD5E00E37E48 /* PBXTargetDependency */,
			);
			name = PortariaTests;
			productName = PortariaTests;
			productReference = 617AAF7D2433FD5E00E37E48 /* PortariaTests.xctest */;
			productType = "com.apple.product-type.bundle.unit-test";
		};
/* End PBXNativeTarget section */

/* Begin PBXProject section */
		617AAF5F2433FD5B00E37E48 /* Project object */ = {
			isa = PBXProject;
			attributes = {
				LastSwiftUpdateCheck = 1140;
				LastUpgradeCheck = 1140;
				ORGANIZATIONNAME = "Marcio Habigzang Brufatto";
				TargetAttributes = {
					617AAF662433FD5B00E37E48 = {
						CreatedOnToolsVersion = 11.4;
					};
					617AAF7C2433FD5E00E37E48 = {
						CreatedOnToolsVersion = 11.4;
						TestTargetID = 617AAF662433FD5B00E37E48;
					};
				};
			};
			buildConfigurationList = 617AAF622433FD5B00E37E48 /* Build configuration list for PBXProject "Portaria" */;
			compatibilityVersion = "Xcode 9.3";
			developmentRegion = en;
			hasScannedForEncodings = 0;
			knownRegions = (
				en,
				Base,
			);
			mainGroup = 617AAF5E2433FD5B00E37E48;
			productRefGroup = 617AAF682433FD5B00E37E48 /* Products */;
			projectDirPath = "";
			projectRoot = "";
			targets = (
				617AAF662433FD5B00E37E48 /* Portaria */,
				617AAF7C2433FD5E00E37E48 /* PortariaTests */,
			);
		};
/* End PBXProject section */

/* Begin PBXResourcesBuildPhase section */
		617AAF652433FD5B00E37E48 /* Resources */ = {
			isa = PBXResourcesBuildPhase;
			buildActionMask = 2147483647;
			files = (
				617AAF772433FD5E00E37E48 /* LaunchScreen.storyboard in Resources */,
				617AAF742433FD5E00E37E48 /* Assets.xcassets in Resources */,
				617AAF722433FD5B00E37E48 /* Main.storyboard in Resources */,
			);
			runOnlyForDeploymentPostprocessing = 0;
		};
		617AAF7B2433FD5E00E37E48 /* Resources */ = {
			isa = PBXResourcesBuildPhase;
			buildActionMask = 2147483647;
			files = (
			);
			runOnlyForDeploymentPostprocessing = 0;
		};
/* End PBXResourcesBuildPhase section */

/* Begin PBXShellScriptBuildPhase section */
		82789DE8C051A5CF9286D1DE /* [CP] Embed Pods Frameworks */ = {
			isa = PBXShellScriptBuildPhase;
			buildActionMask = 2147483647;
			files = (
			);
			inputFileListPaths = (
				"${PODS_ROOT}/Target Support Files/Pods-Portaria/Pods-Portaria-frameworks-${CONFIGURATION}-input-files.xcfilelist",
			);
			name = "[CP] Embed Pods Frameworks";
			outputFileListPaths = (
				"${PODS_ROOT}/Target Support Files/Pods-Portaria/Pods-Portaria-frameworks-${CONFIGURATION}-output-files.xcfilelist",
			);
			runOnlyForDeploymentPostprocessing = 0;
			shellPath = /bin/sh;
			shellScript = "\"${PODS_ROOT}/Target Support Files/Pods-Portaria/Pods-Portaria-frameworks.sh\"\n";
			showEnvVarsInLog = 0;
		};
		AC7EA8AEEEC8B2F0EF40E4ED /* [CP] Check Pods Manifest.lock */ = {
			isa = PBXShellScriptBuildPhase;
			buildActionMask = 2147483647;
			files = (
			);
			inputFileListPaths = (
			);
			inputPaths = (
				"${PODS_PODFILE_DIR_PATH}/Podfile.lock",
				"${PODS_ROOT}/Manifest.lock",
			);
			name = "[CP] Check Pods Manifest.lock";
			outputFileListPaths = (
			);
			outputPaths = (
				"$(DERIVED_FILE_DIR)/Pods-PortariaTests-checkManifestLockResult.txt",
			);
			runOnlyForDeploymentPostprocessing = 0;
			shellPath = /bin/sh;
			shellScript = "diff \"${PODS_PODFILE_DIR_PATH}/Podfile.lock\" \"${PODS_ROOT}/Manifest.lock\" > /dev/null\nif [ $? != 0 ] ; then\n    # print error to STDERR\n    echo \"error: The sandbox is not in sync with the Podfile.lock. Run 'pod install' or update your CocoaPods installation.\" >&2\n    exit 1\nfi\n# This output is used by Xcode 'outputs' to avoid re-running this script phase.\necho \"SUCCESS\" > \"${SCRIPT_OUTPUT_FILE_0}\"\n";
			showEnvVarsInLog = 0;
		};
		DF8BDC775944040578FDAFB7 /* [CP] Check Pods Manifest.lock */ = {
			isa = PBXShellScriptBuildPhase;
			buildActionMask = 2147483647;
			files = (
			);
			inputFileListPaths = (
			);
			inputPaths = (
				"${PODS_PODFILE_DIR_PATH}/Podfile.lock",
				"${PODS_ROOT}/Manifest.lock",
			);
			name = "[CP] Check Pods Manifest.lock";
			outputFileListPaths = (
			);
			outputPaths = (
				"$(DERIVED_FILE_DIR)/Pods-Portaria-checkManifestLockResult.txt",
			);
			runOnlyForDeploymentPostprocessing = 0;
			shellPath = /bin/sh;
			shellScript = "diff \"${PODS_PODFILE_DIR_PATH}/Podfile.lock\" \"${PODS_ROOT}/Manifest.lock\" > /dev/null\nif [ $? != 0 ] ; then\n    # print error to STDERR\n    echo \"error: The sandbox is not in sync with the Podfile.lock. Run 'pod install' or update your CocoaPods installation.\" >&2\n    exit 1\nfi\n# This output is used by Xcode 'outputs' to avoid re-running this script phase.\necho \"SUCCESS\" > \"${SCRIPT_OUTPUT_FILE_0}\"\n";
			showEnvVarsInLog = 0;
		};
/* End PBXShellScriptBuildPhase section */

/* Begin PBXSourcesBuildPhase section */
		617AAF632433FD5B00E37E48 /* Sources */ = {
			isa = PBXSourcesBuildPhase;
			buildActionMask = 2147483647;
			files = (
				614A44112436E6740010AECD /* VisitorBusinessProtocol.swift in Sources */,
				613A40CF243CFF4D00397E1D /* VisitorViewModel.swift in Sources */,
				614A440C2436C5050010AECD /* Visitor.swift in Sources */,
				617AAF6B2433FD5B00E37E48 /* AppDelegate.swift in Sources */,
				613A40D2243D723D00397E1D /* ListVisitorViewController.swift in Sources */,
				614A440F2436E6610010AECD /* VisitorBusiness.swift in Sources */,
				617AAF6D2433FD5B00E37E48 /* SceneDelegate.swift in Sources */,
			);
			runOnlyForDeploymentPostprocessing = 0;
		};
		617AAF792433FD5E00E37E48 /* Sources */ = {
			isa = PBXSourcesBuildPhase;
			buildActionMask = 2147483647;
			files = (
				613A40CA243CB96F00397E1D /* VisitorTest.swift in Sources */,
				617AAF822433FD5E00E37E48 /* PortariaTests.swift in Sources */,
			);
			runOnlyForDeploymentPostprocessing = 0;
		};
/* End PBXSourcesBuildPhase section */

/* Begin PBXTargetDependency section */
		617AAF7F2433FD5E00E37E48 /* PBXTargetDependency */ = {
			isa = PBXTargetDependency;
			target = 617AAF662433FD5B00E37E48 /* Portaria */;
			targetProxy = 617AAF7E2433FD5E00E37E48 /* PBXContainerItemProxy */;
		};
/* End PBXTargetDependency section */

/* Begin PBXVariantGroup section */
		617AAF702433FD5B00E37E48 /* Main.storyboard */ = {
			isa = PBXVariantGroup;
			children = (
				617AAF712433FD5B00E37E48 /* Base */,
			);
			name = Main.storyboard;
			sourceTree = "<group>";
		};
		617AAF752433FD5E00E37E48 /* LaunchScreen.storyboard */ = {
			isa = PBXVariantGroup;
			children = (
				617AAF762433FD5E00E37E48 /* Base */,
			);
			name = LaunchScreen.storyboard;
			sourceTree = "<group>";
		};
/* End PBXVariantGroup section */

/* Begin XCBuildConfiguration section */
		617AAF842433FD5E00E37E48 /* Debug */ = {
			isa = XCBuildConfiguration;
			buildSettings = {
				ALWAYS_SEARCH_USER_PATHS = NO;
				CLANG_ANALYZER_NONNULL = YES;
				CLANG_ANALYZER_NUMBER_OBJECT_CONVERSION = YES_AGGRESSIVE;
				CLANG_CXX_LANGUAGE_STANDARD = "gnu++14";
				CLANG_CXX_LIBRARY = "libc++";
				CLANG_ENABLE_MODULES = YES;
				CLANG_ENABLE_OBJC_ARC = YES;
				CLANG_ENABLE_OBJC_WEAK = YES;
				CLANG_WARN_BLOCK_CAPTURE_AUTORELEASING = YES;
				CLANG_WARN_BOOL_CONVERSION = YES;
				CLANG_WARN_COMMA = YES;
				CLANG_WARN_CONSTANT_CONVERSION = YES;
				CLANG_WARN_DEPRECATED_OBJC_IMPLEMENTATIONS = YES;
				CLANG_WARN_DIRECT_OBJC_ISA_USAGE = YES_ERROR;
				CLANG_WARN_DOCUMENTATION_COMMENTS = YES;
				CLANG_WARN_EMPTY_BODY = YES;
				CLANG_WARN_ENUM_CONVERSION = YES;
				CLANG_WARN_INFINITE_RECURSION = YES;
				CLANG_WARN_INT_CONVERSION = YES;
				CLANG_WARN_NON_LITERAL_NULL_CONVERSION = YES;
				CLANG_WARN_OBJC_IMPLICIT_RETAIN_SELF = YES;
				CLANG_WARN_OBJC_LITERAL_CONVERSION = YES;
				CLANG_WARN_OBJC_ROOT_CLASS = YES_ERROR;
				CLANG_WARN_RANGE_LOOP_ANALYSIS = YES;
				CLANG_WARN_STRICT_PROTOTYPES = YES;
				CLANG_WARN_SUSPICIOUS_MOVE = YES;
				CLANG_WARN_UNGUARDED_AVAILABILITY = YES_AGGRESSIVE;
				CLANG_WARN_UNREACHABLE_CODE = YES;
				CLANG_WARN__DUPLICATE_METHOD_MATCH = YES;
				COPY_PHASE_STRIP = NO;
				DEBUG_INFORMATION_FORMAT = dwarf;
				ENABLE_STRICT_OBJC_MSGSEND = YES;
				ENABLE_TESTABILITY = YES;
				GCC_C_LANGUAGE_STANDARD = gnu11;
				GCC_DYNAMIC_NO_PIC = NO;
				GCC_NO_COMMON_BLOCKS = YES;
				GCC_OPTIMIZATION_LEVEL = 0;
				GCC_PREPROCESSOR_DEFINITIONS = (
					"DEBUG=1",
					"$(inherited)",
				);
				GCC_WARN_64_TO_32_BIT_CONVERSION = YES;
				GCC_WARN_ABOUT_RETURN_TYPE = YES_ERROR;
				GCC_WARN_UNDECLARED_SELECTOR = YES;
				GCC_WARN_UNINITIALIZED_AUTOS = YES_AGGRESSIVE;
				GCC_WARN_UNUSED_FUNCTION = YES;
				GCC_WARN_UNUSED_VARIABLE = YES;
				IPHONEOS_DEPLOYMENT_TARGET = 13.4;
				MTL_ENABLE_DEBUG_INFO = INCLUDE_SOURCE;
				MTL_FAST_MATH = YES;
				ONLY_ACTIVE_ARCH = YES;
				SDKROOT = iphoneos;
				SWIFT_ACTIVE_COMPILATION_CONDITIONS = DEBUG;
				SWIFT_OPTIMIZATION_LEVEL = "-Onone";
			};
			name = Debug;
		};
		617AAF852433FD5E00E37E48 /* Release */ = {
			isa = XCBuildConfiguration;
			buildSettings = {
				ALWAYS_SEARCH_USER_PATHS = NO;
				CLANG_ANALYZER_NONNULL = YES;
				CLANG_ANALYZER_NUMBER_OBJECT_CONVERSION = YES_AGGRESSIVE;
				CLANG_CXX_LANGUAGE_STANDARD = "gnu++14";
				CLANG_CXX_LIBRARY = "libc++";
				CLANG_ENABLE_MODULES = YES;
				CLANG_ENABLE_OBJC_ARC = YES;
				CLANG_ENABLE_OBJC_WEAK = YES;
				CLANG_WARN_BLOCK_CAPTURE_AUTORELEASING = YES;
				CLANG_WARN_BOOL_CONVERSION = YES;
				CLANG_WARN_COMMA = YES;
				CLANG_WARN_CONSTANT_CONVERSION = YES;
				CLANG_WARN_DEPRECATED_OBJC_IMPLEMENTATIONS = YES;
				CLANG_WARN_DIRECT_OBJC_ISA_USAGE = YES_ERROR;
				CLANG_WARN_DOCUMENTATION_COMMENTS = YES;
				CLANG_WARN_EMPTY_BODY = YES;
				CLANG_WARN_ENUM_CONVERSION = YES;
				CLANG_WARN_INFINITE_RECURSION = YES;
				CLANG_WARN_INT_CONVERSION = YES;
				CLANG_WARN_NON_LITERAL_NULL_CONVERSION = YES;
				CLANG_WARN_OBJC_IMPLICIT_RETAIN_SELF = YES;
				CLANG_WARN_OBJC_LITERAL_CONVERSION = YES;
				CLANG_WARN_OBJC_ROOT_CLASS = YES_ERROR;
				CLANG_WARN_RANGE_LOOP_ANALYSIS = YES;
				CLANG_WARN_STRICT_PROTOTYPES = YES;
				CLANG_WARN_SUSPICIOUS_MOVE = YES;
				CLANG_WARN_UNGUARDED_AVAILABILITY = YES_AGGRESSIVE;
				CLANG_WARN_UNREACHABLE_CODE = YES;
				CLANG_WARN__DUPLICATE_METHOD_MATCH = YES;
				COPY_PHASE_STRIP = NO;
				DEBUG_INFORMATION_FORMAT = "dwarf-with-dsym";
				ENABLE_NS_ASSERTIONS = NO;
				ENABLE_STRICT_OBJC_MSGSEND = YES;
				GCC_C_LANGUAGE_STANDARD = gnu11;
				GCC_NO_COMMON_BLOCKS = YES;
				GCC_WARN_64_TO_32_BIT_CONVERSION = YES;
				GCC_WARN_ABOUT_RETURN_TYPE = YES_ERROR;
				GCC_WARN_UNDECLARED_SELECTOR = YES;
				GCC_WARN_UNINITIALIZED_AUTOS = YES_AGGRESSIVE;
				GCC_WARN_UNUSED_FUNCTION = YES;
				GCC_WARN_UNUSED_VARIABLE = YES;
				IPHONEOS_DEPLOYMENT_TARGET = 13.4;
				MTL_ENABLE_DEBUG_INFO = NO;
				MTL_FAST_MATH = YES;
				SDKROOT = iphoneos;
				SWIFT_COMPILATION_MODE = wholemodule;
				SWIFT_OPTIMIZATION_LEVEL = "-O";
				VALIDATE_PRODUCT = YES;
			};
			name = Release;
		};
		617AAF872433FD5E00E37E48 /* Debug */ = {
			isa = XCBuildConfiguration;
			baseConfigurationReference = 3A814F512C9C0C15237EA948 /* Pods-Portaria.debug.xcconfig */;
			buildSettings = {
				ASSETCATALOG_COMPILER_APPICON_NAME = AppIcon;
				CODE_SIGN_STYLE = Automatic;
				DEVELOPMENT_TEAM = F6NR5MWZFA;
				INFOPLIST_FILE = Portaria/Info.plist;
				LD_RUNPATH_SEARCH_PATHS = (
					"$(inherited)",
					"@executable_path/Frameworks",
				);
				PRODUCT_BUNDLE_IDENTIFIER = br.com.mantratech.Portaria;
				PRODUCT_NAME = "$(TARGET_NAME)";
				SWIFT_VERSION = 5.0;
				TARGETED_DEVICE_FAMILY = "1,2";
			};
			name = Debug;
		};
		617AAF882433FD5E00E37E48 /* Release */ = {
			isa = XCBuildConfiguration;
			baseConfigurationReference = 1E0175E9083B7E18DBCCFC69 /* Pods-Portaria.release.xcconfig */;
			buildSettings = {
				ASSETCATALOG_COMPILER_APPICON_NAME = AppIcon;
				CODE_SIGN_STYLE = Automatic;
				DEVELOPMENT_TEAM = F6NR5MWZFA;
				INFOPLIST_FILE = Portaria/Info.plist;
				LD_RUNPATH_SEARCH_PATHS = (
					"$(inherited)",
					"@executable_path/Frameworks",
				);
				PRODUCT_BUNDLE_IDENTIFIER = br.com.mantratech.Portaria;
				PRODUCT_NAME = "$(TARGET_NAME)";
				SWIFT_VERSION = 5.0;
				TARGETED_DEVICE_FAMILY = "1,2";
			};
			name = Release;
		};
		617AAF8A2433FD5E00E37E48 /* Debug */ = {
			isa = XCBuildConfiguration;
			baseConfigurationReference = 5C4F232C6A4EDAFFA3068A4B /* Pods-PortariaTests.debug.xcconfig */;
			buildSettings = {
				ALWAYS_EMBED_SWIFT_STANDARD_LIBRARIES = YES;
				BUNDLE_LOADER = "$(TEST_HOST)";
				CODE_SIGN_STYLE = Automatic;
				DEVELOPMENT_TEAM = F6NR5MWZFA;
				INFOPLIST_FILE = PortariaTests/Info.plist;
				IPHONEOS_DEPLOYMENT_TARGET = 13.4;
				LD_RUNPATH_SEARCH_PATHS = (
					"$(inherited)",
					"@executable_path/Frameworks",
					"@loader_path/Frameworks",
				);
				PRODUCT_BUNDLE_IDENTIFIER = br.com.mantratech.PortariaTests;
				PRODUCT_NAME = "$(TARGET_NAME)";
				SWIFT_VERSION = 5.0;
				TARGETED_DEVICE_FAMILY = "1,2";
				TEST_HOST = "$(BUILT_PRODUCTS_DIR)/Portaria.app/Portaria";
			};
			name = Debug;
		};
		617AAF8B2433FD5E00E37E48 /* Release */ = {
			isa = XCBuildConfiguration;
			baseConfigurationReference = 43ACB0F9BFAA1F0A1973DF98 /* Pods-PortariaTests.release.xcconfig */;
			buildSettings = {
				ALWAYS_EMBED_SWIFT_STANDARD_LIBRARIES = YES;
				BUNDLE_LOADER = "$(TEST_HOST)";
				CODE_SIGN_STYLE = Automatic;
				DEVELOPMENT_TEAM = F6NR5MWZFA;
				INFOPLIST_FILE = PortariaTests/Info.plist;
				IPHONEOS_DEPLOYMENT_TARGET = 13.4;
				LD_RUNPATH_SEARCH_PATHS = (
					"$(inherited)",
					"@executable_path/Frameworks",
					"@loader_path/Frameworks",
				);
				PRODUCT_BUNDLE_IDENTIFIER = br.com.mantratech.PortariaTests;
				PRODUCT_NAME = "$(TARGET_NAME)";
				SWIFT_VERSION = 5.0;
				TARGETED_DEVICE_FAMILY = "1,2";
				TEST_HOST = "$(BUILT_PRODUCTS_DIR)/Portaria.app/Portaria";
			};
			name = Release;
		};
/* End XCBuildConfiguration section */

/* Begin XCConfigurationList section */
		617AAF622433FD5B00E37E48 /* Build configuration list for PBXProject "Portaria" */ = {
			isa = XCConfigurationList;
			buildConfigurations = (
				617AAF842433FD5E00E37E48 /* Debug */,
				617AAF852433FD5E00E37E48 /* Release */,
			);
			defaultConfigurationIsVisible = 0;
			defaultConfigurationName = Release;
		};
		617AAF862433FD5E00E37E48 /* Build configuration list for PBXNativeTarget "Portaria" */ = {
			isa = XCConfigurationList;
			buildConfigurations = (
				617AAF872433FD5E00E37E48 /* Debug */,
				617AAF882433FD5E00E37E48 /* Release */,
			);
			defaultConfigurationIsVisible = 0;
			defaultConfigurationName = Release;
		};
		617AAF892433FD5E00E37E48 /* Build configuration list for PBXNativeTarget "PortariaTests" */ = {
			isa = XCConfigurationList;
			buildConfigurations = (
				617AAF8A2433FD5E00E37E48 /* Debug */,
				617AAF8B2433FD5E00E37E48 /* Release */,
			);
			defaultConfigurationIsVisible = 0;
			defaultConfigurationName = Release;
		};
/* End XCConfigurationList section */
	};
	rootObject = 617AAF5F2433FD5B00E37E48 /* Project object */;
}
